
Microsoft Visual Studio Solution File, Format Version 12.00
# Visual Studio 15
VisualStudioVersion = 15.0.27004.2005
MinimumVisualStudioVersion = 10.0.40219.1
Project("{FAE04EC0-301F-11D3-BF4B-00C04F79EFBC}") = "Vidly", "Vidly\Vidly.csproj", "{BDC400AB-AE6D-49FA-899C-6E2FF293FADD}"
EndProject
Global
	GlobalSection(SolutionConfigurationPlatforms) = preSolution
		Debug|Any CPU = Debug|Any CPU
		Release|Any CPU = Release|Any CPU
	EndGlobalSection
	GlobalSection(ProjectConfigurationPlatforms) = postSolution
		{BDC400AB-AE6D-49FA-899C-6E2FF293FADD}.Debug|Any CPU.ActiveCfg = Debug|Any CPU
		{BDC400AB-AE6D-49FA-899C-6E2FF293FADD}.Debug|Any CPU.Build.0 = Debug|Any CPU
		{BDC400AB-AE6D-49FA-899C-6E2FF293FADD}.Release|Any CPU.ActiveCfg = Release|Any CPU
		{BDC400AB-AE6D-49FA-899C-6E2FF293FADD}.Release|Any CPU.Build.0 = Release|Any CPU
	EndGlobalSection
	GlobalSection(SolutionProperties) = preSolution
		HideSolutionNode = FALSE
	EndGlobalSection
	GlobalSection(ExtensibilityGlobals) = postSolution
		SolutionGuid = {FA43CA36-DCEB-4125-8C06-A6525D394DBF}
	EndGlobalSection
EndGlobal
